<?xml version="1.0" encoding="UTF-8" standalone="yes" ?>
<CodeBlocks_project_file>
	<FileVersion major="1" minor="6" />
	<Project>
		<Option title="FileManager" />
		<Option pch_mode="2" />
		<Option compiler="gcc" />
		<Build>
			<Target title="Debug">
				<Option output="Debug/basteltree" prefix_auto="1" extension_auto="1" />
				<Option object_output="Debug/" />
				<Option type="1" />
				<Option compiler="gcc" />
				<Option projectLinkerOptionsRelation="2" />
				<Compiler>
					<Add option="-m64" />
					<Add option="-g" />
					<Add option="-fPIC" />
				</Compiler>
				<Linker>
					<Add option="-m64" />
					<Add library="z" />
				</Linker>
			</Target>
			<Target title="Release">
				<Option output="Release/basteltree" prefix_auto="1" extension_auto="1" />
				<Option object_output="Release/" />
				<Option type="0" />
				<Option compiler="gcc" />
				<Compiler>
					<Add option="-O2" />
					<Add option="-s" />
				</Compiler>
				<Linker>
					<Add library="z" />
				</Linker>
			</Target>
		</Build>
		<Compiler>
			<Add option="`fltk-config --cxxflags`" />
			<Add option="-fpermissive" />
			<Add option="-DFRAMEBUFFER" />
			<Add option="-DFLTK" />
			<Add option="-DSERIALCOM" />
			<Add option="-DDYNARRY" />
			<Add directory="NeuronComm" />
			<Add directory="../include" />
		</Compiler>
		<Linker>
			<Add option="`fltk-config --ldstaticflags`" />
			<Add library="usb-1.0" />
			<Add library="pthread" />
			<Add library="sqlite3" />
		</Linker>
		<Unit filename="../include/BastelUtils.h" />
		<Unit filename="../include/CToolBox.h" />
		<Unit filename="../include/FileArchivDB.h" />
		<Unit filename="../include/FileFolder.h" />
		<Unit filename="../include/FileMerge.h" />
		<Unit filename="../include/FileTable.h" />
		<Unit filename="../include/FltkDialogBox.h" />
		<Unit filename="../include/FltkWindow.h" />
		<Unit filename="../include/ProgressStatus.h" />
		<Unit filename="../include/Resource.h" />
		<Unit filename="../include/TreeView.h" />
		<Unit filename="../include/basteltype.h" />
		<Unit filename="../src/BastelUtils.cpp" />
		<Unit filename="../src/CToolBox.cpp" />
		<Unit filename="../src/FileArchivDB.cpp" />
		<Unit filename="../src/FileFolder.cpp" />
		<Unit filename="../src/FileMerge.cpp" />
		<Unit filename="../src/FileTable.cpp" />
		<Unit filename="../src/FltkDialogBox.cpp" />
		<Unit filename="../src/FltkWindow.cpp" />
		<Unit filename="../src/ProgressStatus.cpp" />
		<Unit filename="../src/Resource.cpp" />
		<Unit filename="../src/TreeView.cpp" />
		<Extensions />
	</Project>
</CodeBlocks_project_file>
